// !$*UTF8*$!
{
	archiveVersion = 1;
	classes = {
	};
	objectVersion = 50;
	objects = {

/* Begin PBXBuildFile section */
		CF69CC802282E5350058963B /* AppDelegate.swift in Sources */ = {isa = PBXBuildFile; fileRef = CF69CC7F2282E5350058963B /* AppDelegate.swift */; };
		CF69CC822282E5350058963B /* art.scnassets in Resources */ = {isa = PBXBuildFile; fileRef = CF69CC812282E5350058963B /* art.scnassets */; };
		CF69CC842282E5350058963B /* ViewController.swift in Sources */ = {isa = PBXBuildFile; fileRef = CF69CC832282E5350058963B /* ViewController.swift */; };
		CF69CC872282E5350058963B /* Main.storyboard in Resources */ = {isa = PBXBuildFile; fileRef = CF69CC852282E5350058963B /* Main.storyboard */; };
		CF69CC892282E5360058963B /* Assets.xcassets in Resources */ = {isa = PBXBuildFile; fileRef = CF69CC882282E5360058963B /* Assets.xcassets */; };
		CF69CC8C2282E5360058963B /* LaunchScreen.storyboard in Resources */ = {isa = PBXBuildFile; fileRef = CF69CC8A2282E5360058963B /* LaunchScreen.storyboard */; };
		CF69CC942282E9FF0058963B /* AlbumsViewController.swift in Sources */ = {isa = PBXBuildFile; fileRef = CF69CC932282E9FF0058963B /* AlbumsViewController.swift */; };
		CF69CC962282EB050058963B /* NetworkClient.swift in Sources */ = {isa = PBXBuildFile; fileRef = CF69CC952282EB050058963B /* NetworkClient.swift */; };
		CF69CC992282FFE90058963B /* APIRequestAlbums.swift in Sources */ = {isa = PBXBuildFile; fileRef = CF69CC982282FFE90058963B /* APIRequestAlbums.swift */; };
		CF69CC9B2283004C0058963B /* NetworkRequestProtocol.swift in Sources */ = {isa = PBXBuildFile; fileRef = CF69CC9A2283004C0058963B /* NetworkRequestProtocol.swift */; };
		CF69CC9E2283161E0058963B /* Album.swift in Sources */ = {isa = PBXBuildFile; fileRef = CF69CC9D2283161E0058963B /* Album.swift */; };
		CFAF66D9228421FD0061B89F /* PhotosViewController.swift in Sources */ = {isa = PBXBuildFile; fileRef = CFAF66D8228421FD0061B89F /* PhotosViewController.swift */; };
		CFAF66DC228436F60061B89F /* Photo.swift in Sources */ = {isa = PBXBuildFile; fileRef = CFAF66DB228436F60061B89F /* Photo.swift */; };
		CFAF66DE228437870061B89F /* APIRequestPhotos.swift in Sources */ = {isa = PBXBuildFile; fileRef = CFAF66DD228437870061B89F /* APIRequestPhotos.swift */; };
		CFAF66E12284CD310061B89F /* PhotoCollectionViewCell.swift in Sources */ = {isa = PBXBuildFile; fileRef = CFAF66E02284CD310061B89F /* PhotoCollectionViewCell.swift */; };
		CFAF66E42285810F0061B89F /* Collection+Extensions.swift in Sources */ = {isa = PBXBuildFile; fileRef = CFAF66E32285810F0061B89F /* Collection+Extensions.swift */; };
		CFAF66EB228763900061B89F /* AbstractOperation.swift in Sources */ = {isa = PBXBuildFile; fileRef = CFAF66EA228763900061B89F /* AbstractOperation.swift */; };
		CFAF66ED22881F940061B89F /* NSLock+Operations.swift in Sources */ = {isa = PBXBuildFile; fileRef = CFAF66EC22881F940061B89F /* NSLock+Operations.swift */; };
		CFAF66F022882F1D0061B89F /* APPLE_EXAMPLES_LICENSE.txt in Resources */ = {isa = PBXBuildFile; fileRef = CFAF66EF22882F1D0061B89F /* APPLE_EXAMPLES_LICENSE.txt */; };
		CFAF66F2228833140061B89F /* URLSessionTaskOperation.swift in Sources */ = {isa = PBXBuildFile; fileRef = CFAF66F1228833140061B89F /* URLSessionTaskOperation.swift */; };
		CFAF66F422886F060061B89F /* APIProtocol.swift in Sources */ = {isa = PBXBuildFile; fileRef = CFAF66F322886F060061B89F /* APIProtocol.swift */; };
		CFAF66F622887A4B0061B89F /* APIRequest.swift in Sources */ = {isa = PBXBuildFile; fileRef = CFAF66F522887A4B0061B89F /* APIRequest.swift */; };
		CFAF66F9228888050061B89F /* JSONResponseDecoder.swift in Sources */ = {isa = PBXBuildFile; fileRef = CFAF66F8228888050061B89F /* JSONResponseDecoder.swift */; };
		CFAF66FE22888A950061B89F /* NetworkError.swift in Sources */ = {isa = PBXBuildFile; fileRef = CFAF66FD22888A950061B89F /* NetworkError.swift */; };
		CFAF670022888B760061B89F /* Networking.swift in Sources */ = {isa = PBXBuildFile; fileRef = CFAF66FF22888B760061B89F /* Networking.swift */; };
		CFAF670222888CCB0061B89F /* DataRequest.swift in Sources */ = {isa = PBXBuildFile; fileRef = CFAF670122888CCB0061B89F /* DataRequest.swift */; };
		CFAF6704228890C90061B89F /* DataResponseDecoder.swift in Sources */ = {isa = PBXBuildFile; fileRef = CFAF6703228890C90061B89F /* DataResponseDecoder.swift */; };
		CFAF6706228891180061B89F /* ResponseDecoder.swift in Sources */ = {isa = PBXBuildFile; fileRef = CFAF6705228891180061B89F /* ResponseDecoder.swift */; };
		CFAF670A2289C8A00061B89F /* ViewControllersProvider.swift in Sources */ = {isa = PBXBuildFile; fileRef = CFAF67092289C8A00061B89F /* ViewControllersProvider.swift */; };
		CFAF670D2289D1690061B89F /* ViewControllersProviding.swift in Sources */ = {isa = PBXBuildFile; fileRef = CFAF670C2289D1690061B89F /* ViewControllersProviding.swift */; };
		CFAF67102289DF140061B89F /* ImageLoader.swift in Sources */ = {isa = PBXBuildFile; fileRef = CFAF670F2289DF140061B89F /* ImageLoader.swift */; };
		CFAF67132289DF610061B89F /* ImageLoading.swift in Sources */ = {isa = PBXBuildFile; fileRef = CFAF67122289DF610061B89F /* ImageLoading.swift */; };
		CFAF67152289E3D70061B89F /* PhotoCollectionViewCell.xib in Resources */ = {isa = PBXBuildFile; fileRef = CFAF67142289E3D70061B89F /* PhotoCollectionViewCell.xib */; };
		CFAF6719228B27E20061B89F /* DetailPhotosViewController.swift in Sources */ = {isa = PBXBuildFile; fileRef = CFAF6718228B27E20061B89F /* DetailPhotosViewController.swift */; };
		CFAF671B228B2B130061B89F /* DetailPhotoView.swift in Sources */ = {isa = PBXBuildFile; fileRef = CFAF671A228B2B130061B89F /* DetailPhotoView.swift */; };
		CFAF671D228B2B630061B89F /* DetailPhotoView.xib in Resources */ = {isa = PBXBuildFile; fileRef = CFAF671C228B2B630061B89F /* DetailPhotoView.xib */; };
		CFAF671F228B62210061B89F /* UIView+Extensions.swift in Sources */ = {isa = PBXBuildFile; fileRef = CFAF671E228B62210061B89F /* UIView+Extensions.swift */; };
/* End PBXBuildFile section */

/* Begin PBXFileReference section */
		CF69CC7C2282E5350058963B /* ARGallary.app */ = {isa = PBXFileReference; explicitFileType = wrapper.application; includeInIndex = 0; path = ARGallary.app; sourceTree = BUILT_PRODUCTS_DIR; };
		CF69CC7F2282E5350058963B /* AppDelegate.swift */ = {isa = PBXFileReference; lastKnownFileType = sourcecode.swift; path = AppDelegate.swift; sourceTree = "<group>"; };
		CF69CC812282E5350058963B /* art.scnassets */ = {isa = PBXFileReference; lastKnownFileType = wrapper.scnassets; path = art.scnassets; sourceTree = "<group>"; };
		CF69CC832282E5350058963B /* ViewController.swift */ = {isa = PBXFileReference; lastKnownFileType = sourcecode.swift; path = ViewController.swift; sourceTree = "<group>"; };
		CF69CC862282E5350058963B /* Base */ = {isa = PBXFileReference; lastKnownFileType = file.storyboard; name = Base; path = Base.lproj/Main.storyboard; sourceTree = "<group>"; };
		CF69CC882282E5360058963B /* Assets.xcassets */ = {isa = PBXFileReference; lastKnownFileType = folder.assetcatalog; path = Assets.xcassets; sourceTree = "<group>"; };
		CF69CC8B2282E5360058963B /* Base */ = {isa = PBXFileReference; lastKnownFileType = file.storyboard; name = Base; path = Base.lproj/LaunchScreen.storyboard; sourceTree = "<group>"; };
		CF69CC8D2282E5360058963B /* Info.plist */ = {isa = PBXFileReference; lastKnownFileType = text.plist.xml; path = Info.plist; sourceTree = "<group>"; };
		CF69CC932282E9FF0058963B /* AlbumsViewController.swift */ = {isa = PBXFileReference; lastKnownFileType = sourcecode.swift; path = AlbumsViewController.swift; sourceTree = "<group>"; };
		CF69CC952282EB050058963B /* NetworkClient.swift */ = {isa = PBXFileReference; lastKnownFileType = sourcecode.swift; path = NetworkClient.swift; sourceTree = "<group>"; };
		CF69CC982282FFE90058963B /* APIRequestAlbums.swift */ = {isa = PBXFileReference; lastKnownFileType = sourcecode.swift; path = APIRequestAlbums.swift; sourceTree = "<group>"; };
		CF69CC9A2283004C0058963B /* NetworkRequestProtocol.swift */ = {isa = PBXFileReference; lastKnownFileType = sourcecode.swift; path = NetworkRequestProtocol.swift; sourceTree = "<group>"; };
		CF69CC9D2283161E0058963B /* Album.swift */ = {isa = PBXFileReference; lastKnownFileType = sourcecode.swift; path = Album.swift; sourceTree = "<group>"; };
		CFAF66D8228421FD0061B89F /* PhotosViewController.swift */ = {isa = PBXFileReference; lastKnownFileType = sourcecode.swift; path = PhotosViewController.swift; sourceTree = "<group>"; };
		CFAF66DB228436F60061B89F /* Photo.swift */ = {isa = PBXFileReference; lastKnownFileType = sourcecode.swift; path = Photo.swift; sourceTree = "<group>"; };
		CFAF66DD228437870061B89F /* APIRequestPhotos.swift */ = {isa = PBXFileReference; lastKnownFileType = sourcecode.swift; path = APIRequestPhotos.swift; sourceTree = "<group>"; };
		CFAF66E02284CD310061B89F /* PhotoCollectionViewCell.swift */ = {isa = PBXFileReference; lastKnownFileType = sourcecode.swift; path = PhotoCollectionViewCell.swift; sourceTree = "<group>"; };
		CFAF66E32285810F0061B89F /* Collection+Extensions.swift */ = {isa = PBXFileReference; lastKnownFileType = sourcecode.swift; path = "Collection+Extensions.swift"; sourceTree = "<group>"; };
		CFAF66EA228763900061B89F /* AbstractOperation.swift */ = {isa = PBXFileReference; lastKnownFileType = sourcecode.swift; path = AbstractOperation.swift; sourceTree = "<group>"; };
		CFAF66EC22881F940061B89F /* NSLock+Operations.swift */ = {isa = PBXFileReference; fileEncoding = 4; lastKnownFileType = sourcecode.swift; path = "NSLock+Operations.swift"; sourceTree = "<group>"; };
		CFAF66EF22882F1D0061B89F /* APPLE_EXAMPLES_LICENSE.txt */ = {isa = PBXFileReference; fileEncoding = 4; lastKnownFileType = text; path = APPLE_EXAMPLES_LICENSE.txt; sourceTree = "<group>"; };
		CFAF66F1228833140061B89F /* URLSessionTaskOperation.swift */ = {isa = PBXFileReference; fileEncoding = 4; lastKnownFileType = sourcecode.swift; path = URLSessionTaskOperation.swift; sourceTree = "<group>"; };
		CFAF66F322886F060061B89F /* APIProtocol.swift */ = {isa = PBXFileReference; lastKnownFileType = sourcecode.swift; path = APIProtocol.swift; sourceTree = "<group>"; };
		CFAF66F522887A4B0061B89F /* APIRequest.swift */ = {isa = PBXFileReference; lastKnownFileType = sourcecode.swift; path = APIRequest.swift; sourceTree = "<group>"; };
		CFAF66F8228888050061B89F /* JSONResponseDecoder.swift */ = {isa = PBXFileReference; lastKnownFileType = sourcecode.swift; path = JSONResponseDecoder.swift; sourceTree = "<group>"; };
		CFAF66FD22888A950061B89F /* NetworkError.swift */ = {isa = PBXFileReference; lastKnownFileType = sourcecode.swift; path = NetworkError.swift; sourceTree = "<group>"; };
		CFAF66FF22888B760061B89F /* Networking.swift */ = {isa = PBXFileReference; lastKnownFileType = sourcecode.swift; path = Networking.swift; sourceTree = "<group>"; };
		CFAF670122888CCB0061B89F /* DataRequest.swift */ = {isa = PBXFileReference; lastKnownFileType = sourcecode.swift; path = DataRequest.swift; sourceTree = "<group>"; };
		CFAF6703228890C90061B89F /* DataResponseDecoder.swift */ = {isa = PBXFileReference; lastKnownFileType = sourcecode.swift; path = DataResponseDecoder.swift; sourceTree = "<group>"; };
		CFAF6705228891180061B89F /* ResponseDecoder.swift */ = {isa = PBXFileReference; lastKnownFileType = sourcecode.swift; path = ResponseDecoder.swift; sourceTree = "<group>"; };
		CFAF67092289C8A00061B89F /* ViewControllersProvider.swift */ = {isa = PBXFileReference; lastKnownFileType = sourcecode.swift; path = ViewControllersProvider.swift; sourceTree = "<group>"; };
		CFAF670C2289D1690061B89F /* ViewControllersProviding.swift */ = {isa = PBXFileReference; lastKnownFileType = sourcecode.swift; path = ViewControllersProviding.swift; sourceTree = "<group>"; };
		CFAF670F2289DF140061B89F /* ImageLoader.swift */ = {isa = PBXFileReference; lastKnownFileType = sourcecode.swift; path = ImageLoader.swift; sourceTree = "<group>"; };
		CFAF67122289DF610061B89F /* ImageLoading.swift */ = {isa = PBXFileReference; lastKnownFileType = sourcecode.swift; path = ImageLoading.swift; sourceTree = "<group>"; };
		CFAF67142289E3D70061B89F /* PhotoCollectionViewCell.xib */ = {isa = PBXFileReference; lastKnownFileType = file.xib; path = PhotoCollectionViewCell.xib; sourceTree = "<group>"; };
		CFAF6718228B27E20061B89F /* DetailPhotosViewController.swift */ = {isa = PBXFileReference; lastKnownFileType = sourcecode.swift; path = DetailPhotosViewController.swift; sourceTree = "<group>"; };
		CFAF671A228B2B130061B89F /* DetailPhotoView.swift */ = {isa = PBXFileReference; lastKnownFileType = sourcecode.swift; path = DetailPhotoView.swift; sourceTree = "<group>"; };
		CFAF671C228B2B630061B89F /* DetailPhotoView.xib */ = {isa = PBXFileReference; lastKnownFileType = file.xib; path = DetailPhotoView.xib; sourceTree = "<group>"; };
		CFAF671E228B62210061B89F /* UIView+Extensions.swift */ = {isa = PBXFileReference; lastKnownFileType = sourcecode.swift; path = "UIView+Extensions.swift"; sourceTree = "<group>"; };
/* End PBXFileReference section */

/* Begin PBXFrameworksBuildPhase section */
		CF69CC792282E5350058963B /* Frameworks */ = {
			isa = PBXFrameworksBuildPhase;
			buildActionMask = 2147483647;
			files = (
			);
			runOnlyForDeploymentPostprocessing = 0;
		};
/* End PBXFrameworksBuildPhase section */

/* Begin PBXGroup section */
		CF69CC732282E5350058963B = {
			isa = PBXGroup;
			children = (
				CF69CC7E2282E5350058963B /* ARGallary */,
				CF69CC7D2282E5350058963B /* Products */,
			);
			sourceTree = "<group>";
		};
		CF69CC7D2282E5350058963B /* Products */ = {
			isa = PBXGroup;
			children = (
				CF69CC7C2282E5350058963B /* ARGallary.app */,
			);
			name = Products;
			sourceTree = "<group>";
		};
		CF69CC7E2282E5350058963B /* ARGallary */ = {
			isa = PBXGroup;
			children = (
				CF69CC7F2282E5350058963B /* AppDelegate.swift */,
				CF69CC812282E5350058963B /* art.scnassets */,
				CF69CC832282E5350058963B /* ViewController.swift */,
				CF69CC852282E5350058963B /* Main.storyboard */,
				CFAF66E2228580F60061B89F /* Extensions */,
				CFAF670B2289D1400061B89F /* Providers */,
				CFAF66DA228436C80061B89F /* View Controllers */,
				CF69CC9C228314BC0058963B /* Models */,
				CF69CC972282FF530058963B /* Networking */,
				CFAF66E9228763570061B89F /* Operations */,
				CFAF66EE22882F060061B89F /* Licences */,
				CF69CC882282E5360058963B /* Assets.xcassets */,
				CF69CC8A2282E5360058963B /* LaunchScreen.storyboard */,
				CF69CC8D2282E5360058963B /* Info.plist */,
			);
			path = ARGallary;
			sourceTree = "<group>";
		};
		CF69CC972282FF530058963B /* Networking */ = {
			isa = PBXGroup;
			children = (
				CF69CC9A2283004C0058963B /* NetworkRequestProtocol.swift */,
				CFAF66FF22888B760061B89F /* Networking.swift */,
				CFAF66F322886F060061B89F /* APIProtocol.swift */,
				CFAF66FD22888A950061B89F /* NetworkError.swift */,
				CF69CC952282EB050058963B /* NetworkClient.swift */,
				CFAF66DF2284378D0061B89F /* Requests */,
				CFAF66F7228887F00061B89F /* ResponseDecoders */,
				CFAF67112289DF200061B89F /* Tools */,
			);
			path = Networking;
			sourceTree = "<group>";
		};
		CF69CC9C228314BC0058963B /* Models */ = {
			isa = PBXGroup;
			children = (
				CF69CC9D2283161E0058963B /* Album.swift */,
				CFAF66DB228436F60061B89F /* Photo.swift */,
			);
			path = Models;
			sourceTree = "<group>";
		};
		CFAF66DA228436C80061B89F /* View Controllers */ = {
			isa = PBXGroup;
			children = (
				CF69CC932282E9FF0058963B /* AlbumsViewController.swift */,
				CFAF6716228B27780061B89F /* Photos View Controller */,
				CFAF6717228B27CC0061B89F /* Detail Photos View Controller */,
			);
			path = "View Controllers";
			sourceTree = "<group>";
		};
		CFAF66DF2284378D0061B89F /* Requests */ = {
			isa = PBXGroup;
			children = (
				CFAF670122888CCB0061B89F /* DataRequest.swift */,
				CFAF66FA2288888E0061B89F /* API */,
			);
			path = Requests;
			sourceTree = "<group>";
		};
		CFAF66E2228580F60061B89F /* Extensions */ = {
			isa = PBXGroup;
			children = (
				CFAF66E32285810F0061B89F /* Collection+Extensions.swift */,
				CFAF66EC22881F940061B89F /* NSLock+Operations.swift */,
				CFAF671E228B62210061B89F /* UIView+Extensions.swift */,
			);
			path = Extensions;
			sourceTree = "<group>";
		};
		CFAF66E9228763570061B89F /* Operations */ = {
			isa = PBXGroup;
			children = (
				CFAF66EA228763900061B89F /* AbstractOperation.swift */,
				CFAF66F1228833140061B89F /* URLSessionTaskOperation.swift */,
			);
			path = Operations;
			sourceTree = "<group>";
		};
		CFAF66EE22882F060061B89F /* Licences */ = {
			isa = PBXGroup;
			children = (
				CFAF66EF22882F1D0061B89F /* APPLE_EXAMPLES_LICENSE.txt */,
			);
			path = Licences;
			sourceTree = "<group>";
		};
		CFAF66F7228887F00061B89F /* ResponseDecoders */ = {
			isa = PBXGroup;
			children = (
				CFAF6705228891180061B89F /* ResponseDecoder.swift */,
				CFAF66F8228888050061B89F /* JSONResponseDecoder.swift */,
				CFAF6703228890C90061B89F /* DataResponseDecoder.swift */,
			);
			path = ResponseDecoders;
			sourceTree = "<group>";
		};
		CFAF66FA2288888E0061B89F /* API */ = {
			isa = PBXGroup;
			children = (
				CFAF66F522887A4B0061B89F /* APIRequest.swift */,
				CF69CC982282FFE90058963B /* APIRequestAlbums.swift */,
				CFAF66DD228437870061B89F /* APIRequestPhotos.swift */,
			);
			path = API;
			sourceTree = "<group>";
		};
		CFAF670B2289D1400061B89F /* Providers */ = {
			isa = PBXGroup;
			children = (
				CFAF670C2289D1690061B89F /* ViewControllersProviding.swift */,
				CFAF67092289C8A00061B89F /* ViewControllersProvider.swift */,
			);
			path = Providers;
			sourceTree = "<group>";
		};
		CFAF67112289DF200061B89F /* Tools */ = {
			isa = PBXGroup;
			children = (
				CFAF67122289DF610061B89F /* ImageLoading.swift */,
				CFAF670F2289DF140061B89F /* ImageLoader.swift */,
			);
			path = Tools;
			sourceTree = "<group>";
		};
		CFAF6716228B27780061B89F /* Photos View Controller */ = {
			isa = PBXGroup;
			children = (
				CFAF66D8228421FD0061B89F /* PhotosViewController.swift */,
				CFAF66E02284CD310061B89F /* PhotoCollectionViewCell.swift */,
				CFAF67142289E3D70061B89F /* PhotoCollectionViewCell.xib */,
			);
			path = "Photos View Controller";
			sourceTree = "<group>";
		};
		CFAF6717228B27CC0061B89F /* Detail Photos View Controller */ = {
			isa = PBXGroup;
			children = (
				CFAF6718228B27E20061B89F /* DetailPhotosViewController.swift */,
				CFAF671A228B2B130061B89F /* DetailPhotoView.swift */,
				CFAF671C228B2B630061B89F /* DetailPhotoView.xib */,
			);
			path = "Detail Photos View Controller";
			sourceTree = "<group>";
		};
/* End PBXGroup section */

/* Begin PBXNativeTarget section */
		CF69CC7B2282E5350058963B /* ARGallary */ = {
			isa = PBXNativeTarget;
			buildConfigurationList = CF69CC902282E5360058963B /* Build configuration list for PBXNativeTarget "ARGallary" */;
			buildPhases = (
				CF69CC782282E5350058963B /* Sources */,
				CF69CC792282E5350058963B /* Frameworks */,
				CF69CC7A2282E5350058963B /* Resources */,
			);
			buildRules = (
			);
			dependencies = (
			);
			name = ARGallary;
			productName = ARGallary;
			productReference = CF69CC7C2282E5350058963B /* ARGallary.app */;
			productType = "com.apple.product-type.application";
		};
/* End PBXNativeTarget section */

/* Begin PBXProject section */
		CF69CC742282E5350058963B /* Project object */ = {
			isa = PBXProject;
			attributes = {
				LastSwiftUpdateCheck = 1010;
				LastUpgradeCheck = 1010;
				ORGANIZATIONNAME = "Danila Shikulin";
				TargetAttributes = {
					CF69CC7B2282E5350058963B = {
						CreatedOnToolsVersion = 10.1;
					};
				};
			};
			buildConfigurationList = CF69CC772282E5350058963B /* Build configuration list for PBXProject "ARGallary" */;
			compatibilityVersion = "Xcode 9.3";
			developmentRegion = en;
			hasScannedForEncodings = 0;
			knownRegions = (
				en,
				Base,
			);
			mainGroup = CF69CC732282E5350058963B;
			productRefGroup = CF69CC7D2282E5350058963B /* Products */;
			projectDirPath = "";
			projectRoot = "";
			targets = (
				CF69CC7B2282E5350058963B /* ARGallary */,
			);
		};
/* End PBXProject section */

/* Begin PBXResourcesBuildPhase section */
		CF69CC7A2282E5350058963B /* Resources */ = {
			isa = PBXResourcesBuildPhase;
			buildActionMask = 2147483647;
			files = (
				CF69CC822282E5350058963B /* art.scnassets in Resources */,
				CF69CC8C2282E5360058963B /* LaunchScreen.storyboard in Resources */,
				CFAF671D228B2B630061B89F /* DetailPhotoView.xib in Resources */,
				CF69CC892282E5360058963B /* Assets.xcassets in Resources */,
				CFAF67152289E3D70061B89F /* PhotoCollectionViewCell.xib in Resources */,
				CFAF66F022882F1D0061B89F /* APPLE_EXAMPLES_LICENSE.txt in Resources */,
				CF69CC872282E5350058963B /* Main.storyboard in Resources */,
			);
			runOnlyForDeploymentPostprocessing = 0;
		};
/* End PBXResourcesBuildPhase section */

/* Begin PBXSourcesBuildPhase section */
		CF69CC782282E5350058963B /* Sources */ = {
			isa = PBXSourcesBuildPhase;
			buildActionMask = 2147483647;
			files = (
				CFAF66ED22881F940061B89F /* NSLock+Operations.swift in Sources */,
				CFAF670222888CCB0061B89F /* DataRequest.swift in Sources */,
				CF69CC842282E5350058963B /* ViewController.swift in Sources */,
				CFAF66EB228763900061B89F /* AbstractOperation.swift in Sources */,
				CFAF66E42285810F0061B89F /* Collection+Extensions.swift in Sources */,
				CFAF66D9228421FD0061B89F /* PhotosViewController.swift in Sources */,
				CFAF6704228890C90061B89F /* DataResponseDecoder.swift in Sources */,
				CF69CC992282FFE90058963B /* APIRequestAlbums.swift in Sources */,
				CFAF670022888B760061B89F /* Networking.swift in Sources */,
				CFAF66DC228436F60061B89F /* Photo.swift in Sources */,
				CFAF66F9228888050061B89F /* JSONResponseDecoder.swift in Sources */,
				CFAF66F2228833140061B89F /* URLSessionTaskOperation.swift in Sources */,
				CFAF671F228B62210061B89F /* UIView+Extensions.swift in Sources */,
				CFAF67102289DF140061B89F /* ImageLoader.swift in Sources */,
				CFAF66F422886F060061B89F /* APIProtocol.swift in Sources */,
				CFAF670A2289C8A00061B89F /* ViewControllersProvider.swift in Sources */,
				CFAF67132289DF610061B89F /* ImageLoading.swift in Sources */,
				CFAF6706228891180061B89F /* ResponseDecoder.swift in Sources */,
				CF69CC802282E5350058963B /* AppDelegate.swift in Sources */,
				CFAF670D2289D1690061B89F /* ViewControllersProviding.swift in Sources */,
				CF69CC942282E9FF0058963B /* AlbumsViewController.swift in Sources */,
				CFAF66DE228437870061B89F /* APIRequestPhotos.swift in Sources */,
				CF69CC962282EB050058963B /* NetworkClient.swift in Sources */,
				CF69CC9E2283161E0058963B /* Album.swift in Sources */,
				CFAF66F622887A4B0061B89F /* APIRequest.swift in Sources */,
				CFAF66FE22888A950061B89F /* NetworkError.swift in Sources */,
				CFAF6719228B27E20061B89F /* DetailPhotosViewController.swift in Sources */,
				CFAF66E12284CD310061B89F /* PhotoCollectionViewCell.swift in Sources */,
				CF69CC9B2283004C0058963B /* NetworkRequestProtocol.swift in Sources */,
				CFAF671B228B2B130061B89F /* DetailPhotoView.swift in Sources */,
			);
			runOnlyForDeploymentPostprocessing = 0;
		};
/* End PBXSourcesBuildPhase section */

/* Begin PBXVariantGroup section */
		CF69CC852282E5350058963B /* Main.storyboard */ = {
			isa = PBXVariantGroup;
			children = (
				CF69CC862282E5350058963B /* Base */,
			);
			name = Main.storyboard;
			sourceTree = "<group>";
		};
		CF69CC8A2282E5360058963B /* LaunchScreen.storyboard */ = {
			isa = PBXVariantGroup;
			children = (
				CF69CC8B2282E5360058963B /* Base */,
			);
			name = LaunchScreen.storyboard;
			sourceTree = "<group>";
		};
/* End PBXVariantGroup section */

/* Begin XCBuildConfiguration section */
		CF69CC8E2282E5360058963B /* Debug */ = {
			isa = XCBuildConfiguration;
			buildSettings = {
				ALWAYS_SEARCH_USER_PATHS = NO;
				CLANG_ANALYZER_NONNULL = YES;
				CLANG_ANALYZER_NUMBER_OBJECT_CONVERSION = YES_AGGRESSIVE;
				CLANG_CXX_LANGUAGE_STANDARD = "gnu++14";
				CLANG_CXX_LIBRARY = "libc++";
				CLANG_ENABLE_MODULES = YES;
				CLANG_ENABLE_OBJC_ARC = YES;
				CLANG_ENABLE_OBJC_WEAK = YES;
				CLANG_WARN_BLOCK_CAPTURE_AUTORELEASING = YES;
				CLANG_WARN_BOOL_CONVERSION = YES;
				CLANG_WARN_COMMA = YES;
				CLANG_WARN_CONSTANT_CONVERSION = YES;
				CLANG_WARN_DEPRECATED_OBJC_IMPLEMENTATIONS = YES;
				CLANG_WARN_DIRECT_OBJC_ISA_USAGE = YES_ERROR;
				CLANG_WARN_DOCUMENTATION_COMMENTS = YES;
				CLANG_WARN_EMPTY_BODY = YES;
				CLANG_WARN_ENUM_CONVERSION = YES;
				CLANG_WARN_INFINITE_RECURSION = YES;
				CLANG_WARN_INT_CONVERSION = YES;
				CLANG_WARN_NON_LITERAL_NULL_CONVERSION = YES;
				CLANG_WARN_OBJC_IMPLICIT_RETAIN_SELF = YES;
				CLANG_WARN_OBJC_LITERAL_CONVERSION = YES;
				CLANG_WARN_OBJC_ROOT_CLASS = YES_ERROR;
				CLANG_WARN_RANGE_LOOP_ANALYSIS = YES;
				CLANG_WARN_STRICT_PROTOTYPES = YES;
				CLANG_WARN_SUSPICIOUS_MOVE = YES;
				CLANG_WARN_UNGUARDED_AVAILABILITY = YES_AGGRESSIVE;
				CLANG_WARN_UNREACHABLE_CODE = YES;
				CLANG_WARN__DUPLICATE_METHOD_MATCH = YES;
				CODE_SIGN_IDENTITY = "iPhone Developer";
				COPY_PHASE_STRIP = NO;
				DEBUG_INFORMATION_FORMAT = dwarf;
				ENABLE_STRICT_OBJC_MSGSEND = YES;
				ENABLE_TESTABILITY = YES;
				GCC_C_LANGUAGE_STANDARD = gnu11;
				GCC_DYNAMIC_NO_PIC = NO;
				GCC_NO_COMMON_BLOCKS = YES;
				GCC_OPTIMIZATION_LEVEL = 0;
				GCC_PREPROCESSOR_DEFINITIONS = (
					"DEBUG=1",
					"$(inherited)",
				);
				GCC_WARN_64_TO_32_BIT_CONVERSION = YES;
				GCC_WARN_ABOUT_RETURN_TYPE = YES_ERROR;
				GCC_WARN_UNDECLARED_SELECTOR = YES;
				GCC_WARN_UNINITIALIZED_AUTOS = YES_AGGRESSIVE;
				GCC_WARN_UNUSED_FUNCTION = YES;
				GCC_WARN_UNUSED_VARIABLE = YES;
				IPHONEOS_DEPLOYMENT_TARGET = 12.1;
				MTL_ENABLE_DEBUG_INFO = INCLUDE_SOURCE;
				MTL_FAST_MATH = YES;
				ONLY_ACTIVE_ARCH = YES;
				SDKROOT = iphoneos;
				SWIFT_ACTIVE_COMPILATION_CONDITIONS = DEBUG;
				SWIFT_OPTIMIZATION_LEVEL = "-Onone";
			};
			name = Debug;
		};
		CF69CC8F2282E5360058963B /* Release */ = {
			isa = XCBuildConfiguration;
			buildSettings = {
				ALWAYS_SEARCH_USER_PATHS = NO;
				CLANG_ANALYZER_NONNULL = YES;
				CLANG_ANALYZER_NUMBER_OBJECT_CONVERSION = YES_AGGRESSIVE;
				CLANG_CXX_LANGUAGE_STANDARD = "gnu++14";
				CLANG_CXX_LIBRARY = "libc++";
				CLANG_ENABLE_MODULES = YES;
				CLANG_ENABLE_OBJC_ARC = YES;
				CLANG_ENABLE_OBJC_WEAK = YES;
				CLANG_WARN_BLOCK_CAPTURE_AUTORELEASING = YES;
				CLANG_WARN_BOOL_CONVERSION = YES;
				CLANG_WARN_COMMA = YES;
				CLANG_WARN_CONSTANT_CONVERSION = YES;
				CLANG_WARN_DEPRECATED_OBJC_IMPLEMENTATIONS = YES;
				CLANG_WARN_DIRECT_OBJC_ISA_USAGE = YES_ERROR;
				CLANG_WARN_DOCUMENTATION_COMMENTS = YES;
				CLANG_WARN_EMPTY_BODY = YES;
				CLANG_WARN_ENUM_CONVERSION = YES;
				CLANG_WARN_INFINITE_RECURSION = YES;
				CLANG_WARN_INT_CONVERSION = YES;
				CLANG_WARN_NON_LITERAL_NULL_CONVERSION = YES;
				CLANG_WARN_OBJC_IMPLICIT_RETAIN_SELF = YES;
				CLANG_WARN_OBJC_LITERAL_CONVERSION = YES;
				CLANG_WARN_OBJC_ROOT_CLASS = YES_ERROR;
				CLANG_WARN_RANGE_LOOP_ANALYSIS = YES;
				CLANG_WARN_STRICT_PROTOTYPES = YES;
				CLANG_WARN_SUSPICIOUS_MOVE = YES;
				CLANG_WARN_UNGUARDED_AVAILABILITY = YES_AGGRESSIVE;
				CLANG_WARN_UNREACHABLE_CODE = YES;
				CLANG_WARN__DUPLICATE_METHOD_MATCH = YES;
				CODE_SIGN_IDENTITY = "iPhone Developer";
				COPY_PHASE_STRIP = NO;
				DEBUG_INFORMATION_FORMAT = "dwarf-with-dsym";
				ENABLE_NS_ASSERTIONS = NO;
				ENABLE_STRICT_OBJC_MSGSEND = YES;
				GCC_C_LANGUAGE_STANDARD = gnu11;
				GCC_NO_COMMON_BLOCKS = YES;
				GCC_WARN_64_TO_32_BIT_CONVERSION = YES;
				GCC_WARN_ABOUT_RETURN_TYPE = YES_ERROR;
				GCC_WARN_UNDECLARED_SELECTOR = YES;
				GCC_WARN_UNINITIALIZED_AUTOS = YES_AGGRESSIVE;
				GCC_WARN_UNUSED_FUNCTION = YES;
				GCC_WARN_UNUSED_VARIABLE = YES;
				IPHONEOS_DEPLOYMENT_TARGET = 12.1;
				MTL_ENABLE_DEBUG_INFO = NO;
				MTL_FAST_MATH = YES;
				SDKROOT = iphoneos;
				SWIFT_COMPILATION_MODE = wholemodule;
				SWIFT_OPTIMIZATION_LEVEL = "-O";
				VALIDATE_PRODUCT = YES;
			};
			name = Release;
		};
		CF69CC912282E5360058963B /* Debug */ = {
			isa = XCBuildConfiguration;
			buildSettings = {
				ASSETCATALOG_COMPILER_APPICON_NAME = AppIcon;
				CODE_SIGN_STYLE = Automatic;
				DEVELOPMENT_TEAM = HXM84WT3TG;
				INFOPLIST_FILE = ARGallary/Info.plist;
				LD_RUNPATH_SEARCH_PATHS = (
					"$(inherited)",
					"@executable_path/Frameworks",
				);
				PRODUCT_BUNDLE_IDENTIFIER = com.danskeel.ARGallary;
				PRODUCT_NAME = "$(TARGET_NAME)";
				SWIFT_VERSION = 4.2;
				TARGETED_DEVICE_FAMILY = "1,2";
			};
			name = Debug;
		};
		CF69CC922282E5360058963B /* Release */ = {
			isa = XCBuildConfiguration;
			buildSettings = {
				ASSETCATALOG_COMPILER_APPICON_NAME = AppIcon;
				CODE_SIGN_STYLE = Automatic;
				DEVELOPMENT_TEAM = HXM84WT3TG;
				INFOPLIST_FILE = ARGallary/Info.plist;
				LD_RUNPATH_SEARCH_PATHS = (
					"$(inherited)",
					"@executable_path/Frameworks",
				);
				PRODUCT_BUNDLE_IDENTIFIER = com.danskeel.ARGallary;
				PRODUCT_NAME = "$(TARGET_NAME)";
				SWIFT_VERSION = 4.2;
				TARGETED_DEVICE_FAMILY = "1,2";
			};
			name = Release;
		};
/* End XCBuildConfiguration section */

/* Begin XCConfigurationList section */
		CF69CC772282E5350058963B /* Build configuration list for PBXProject "ARGallary" */ = {
			isa = XCConfigurationList;
			buildConfigurations = (
				CF69CC8E2282E5360058963B /* Debug */,
				CF69CC8F2282E5360058963B /* Release */,
			);
			defaultConfigurationIsVisible = 0;
			defaultConfigurationName = Release;
		};
		CF69CC902282E5360058963B /* Build configuration list for PBXNativeTarget "ARGallary" */ = {
			isa = XCConfigurationList;
			buildConfigurations = (
				CF69CC912282E5360058963B /* Debug */,
				CF69CC922282E5360058963B /* Release */,
			);
			defaultConfigurationIsVisible = 0;
			defaultConfigurationName = Release;
		};
/* End XCConfigurationList section */
	};
	rootObject = CF69CC742282E5350058963B /* Project object */;
}
